# This file is generated by running "yarn install" inside your project.
# Manual changes might be lost - proceed with caution!

__metadata:
  version: 8
  cacheKey: 10c0

"asynckit@npm:^0.4.0":
  version: 0.4.0
  resolution: "asynckit@npm:0.4.0"
  checksum: 10c0/d73e2ddf20c4eb9337e1b3df1a0f6159481050a5de457c55b14ea2e5cb6d90bb69e004c9af54737a5ee0917fcf2c9e25de67777bbe58261847846066ba75bc9d
  languageName: node
  linkType: hard

"axios@npm:^1.7.9":
  version: 1.7.9
  resolution: "axios@npm:1.7.9"
  dependencies:
    follow-redirects: "npm:^1.15.6"
    form-data: "npm:^4.0.0"
    proxy-from-env: "npm:^1.1.0"
  checksum: 10c0/b7a41e24b59fee5f0f26c1fc844b45b17442832eb3a0fb42dd4f1430eb4abc571fe168e67913e8a1d91c993232bd1d1ab03e20e4d1fee8c6147649b576fc1b0b
  languageName: node
  linkType: hard

"combined-stream@npm:^1.0.8":
  version: 1.0.8
  resolution: "combined-stream@npm:1.0.8"
  dependencies:
    delayed-stream: "npm:~1.0.0"
  checksum: 10c0/0dbb829577e1b1e839fa82b40c07ffaf7de8a09b935cadd355a73652ae70a88b4320db322f6634a4ad93424292fa80973ac6480986247f1734a1137debf271d5
  languageName: node
  linkType: hard

"delayed-stream@npm:~1.0.0":
  version: 1.0.0
  resolution: "delayed-stream@npm:1.0.0"
  checksum: 10c0/d758899da03392e6712f042bec80aa293bbe9e9ff1b2634baae6a360113e708b91326594c8a486d475c69d6259afb7efacdc3537bfcda1c6c648e390ce601b19
  languageName: node
  linkType: hard

"eventemitter3@npm:^5.0.1":
  version: 5.0.1
  resolution: "eventemitter3@npm:5.0.1"
  checksum: 10c0/4ba5c00c506e6c786b4d6262cfbce90ddc14c10d4667e5c83ae993c9de88aa856033994dd2b35b83e8dc1170e224e66a319fa80adc4c32adcd2379bbc75da814
  languageName: node
  linkType: hard

"follow-redirects@npm:^1.15.6":
  version: 1.15.9
  resolution: "follow-redirects@npm:1.15.9"
  peerDependenciesMeta:
    debug:
      optional: true
  checksum: 10c0/5829165bd112c3c0e82be6c15b1a58fa9dcfaede3b3c54697a82fe4a62dd5ae5e8222956b448d2f98e331525f05d00404aba7d696de9e761ef6e42fdc780244f
  languageName: node
  linkType: hard

"forever-websocket@npm:^1.0.1":
  version: 1.0.1
  resolution: "forever-websocket@npm:1.0.1"
  dependencies:
    eventemitter3: "npm:^5.0.1"
    isomorphic-ws: "npm:^5.0.0"
    lodash: "npm:^4.17.21"
    ws: "npm:^8.18.0"
  checksum: 10c0/2c02dfac13d06aeb18aa5bd81565552dd1c1f802203f98d3d790e99588e8575d5f898d00b3b6d4fe19f9765cbe6d9edc6dbb96b47ccb0c95f66d90f596e97ecb
  languageName: node
  linkType: hard

"form-data@npm:^4.0.0":
  version: 4.0.0
  resolution: "form-data@npm:4.0.0"
  dependencies:
    asynckit: "npm:^0.4.0"
    combined-stream: "npm:^1.0.8"
    mime-types: "npm:^2.1.12"
  checksum: 10c0/cb6f3ac49180be03ff07ba3ff125f9eba2ff0b277fb33c7fc47569fc5e616882c5b1c69b9904c4c4187e97dd0419dd03b134174756f296dec62041e6527e2c6e
  languageName: node
  linkType: hard

"isomorphic-ws@npm:^5.0.0":
  version: 5.0.0
  resolution: "isomorphic-ws@npm:5.0.0"
  peerDependencies:
    ws: "*"
  checksum: 10c0/a058ac8b5e6efe9e46252cb0bc67fd325005d7216451d1a51238bc62d7da8486f828ef017df54ddf742e0fffcbe4b1bcc2a66cc115b027ed0180334cd18df252
  languageName: node
  linkType: hard

"kucoin-api-client@workspace:.":
  version: 0.0.0-use.local
  resolution: "kucoin-api-client@workspace:."
  dependencies:
    axios: "npm:^1.7.9"
    eventemitter3: "npm:^5.0.1"
    forever-websocket: "npm:^1.0.1"
    isomorphic-ws: "npm:^5.0.0"
    uniqid: "npm:^5.4.0"
    ws: "npm:^8.18.0"
  languageName: unknown
  linkType: soft

"lodash@npm:^4.17.21":
  version: 4.17.21
  resolution: "lodash@npm:4.17.21"
  checksum: 10c0/d8cbea072bb08655bb4c989da418994b073a608dffa608b09ac04b43a791b12aeae7cd7ad919aa4c925f33b48490b5cfe6c1f71d827956071dae2e7bb3a6b74c
  languageName: node
  linkType: hard

"mime-db@npm:1.52.0":
  version: 1.52.0
  resolution: "mime-db@npm:1.52.0"
  checksum: 10c0/0557a01deebf45ac5f5777fe7740b2a5c309c6d62d40ceab4e23da9f821899ce7a900b7ac8157d4548ddbb7beffe9abc621250e6d182b0397ec7f10c7b91a5aa
  languageName: node
  linkType: hard

"mime-types@npm:^2.1.12":
  version: 2.1.35
  resolution: "mime-types@npm:2.1.35"
  dependencies:
    mime-db: "npm:1.52.0"
  checksum: 10c0/82fb07ec56d8ff1fc999a84f2f217aa46cb6ed1033fefaabd5785b9a974ed225c90dc72fff460259e66b95b73648596dbcc50d51ed69cdf464af2d237d3149b2
  languageName: node
  linkType: hard

"proxy-from-env@npm:^1.1.0":
  version: 1.1.0
  resolution: "proxy-from-env@npm:1.1.0"
  checksum: 10c0/fe7dd8b1bdbbbea18d1459107729c3e4a2243ca870d26d34c2c1bcd3e4425b7bcc5112362df2d93cc7fb9746f6142b5e272fd1cc5c86ddf8580175186f6ad42b
  languageName: node
  linkType: hard

"uniqid@npm:^5.4.0":
  version: 5.4.0
  resolution: "uniqid@npm:5.4.0"
  checksum: 10c0/ef0d7c7ae26d5d7eb632ec9a1548575c855edfa422fd1ade1ee82d7d60bddef24574a53a5ec716db887ec763e4f5dea6dae4dfc1918e2ee5fda35dc43a6c0b7a
  languageName: node
  linkType: hard

"ws@npm:^8.18.0":
  version: 8.18.0
  resolution: "ws@npm:8.18.0"
  peerDependencies:
    bufferutil: ^4.0.1
    utf-8-validate: ">=5.0.2"
  peerDependenciesMeta:
    bufferutil:
      optional: true
    utf-8-validate:
      optional: true
  checksum: 10c0/25eb33aff17edcb90721ed6b0eb250976328533ad3cd1a28a274bd263682e7296a6591ff1436d6cbc50fa67463158b062f9d1122013b361cec99a05f84680e06
  languageName: node
  linkType: hard
